
Microsoft Visual Studio Solution File, Format Version 12.00
# Visual Studio Version 16
VisualStudioVersion = 16.0.31105.61
MinimumVisualStudioVersion = 10.0.40219.1
Project("{FAE04EC0-301F-11D3-BF4B-00C04F79EFBC}") = "CasinoDiceRoller", "CasinoDiceRoller\CasinoDiceRoller.csproj", "{581C3F8F-AC39-45C5-83BE-397763BA639E}"
EndProject
Global
	GlobalSection(SolutionConfigurationPlatforms) = preSolution
		Debug|Any CPU = Debug|Any CPU
		Release|Any CPU = Release|Any CPU
	EndGlobalSection
	GlobalSection(ProjectConfigurationPlatforms) = postSolution
		{581C3F8F-AC39-45C5-83BE-397763BA639E}.Debug|Any CPU.ActiveCfg = Debug|Any CPU
		{581C3F8F-AC39-45C5-83BE-397763BA639E}.Debug|Any CPU.Build.0 = Debug|Any CPU
		{581C3F8F-AC39-45C5-83BE-397763BA639E}.Release|Any CPU.ActiveCfg = Release|Any CPU
		{581C3F8F-AC39-45C5-83BE-397763BA639E}.Release|Any CPU.Build.0 = Release|Any CPU
	EndGlobalSection
	GlobalSection(SolutionProperties) = preSolution
		HideSolutionNode = FALSE
	EndGlobalSection
	GlobalSection(ExtensibilityGlobals) = postSolution
		SolutionGuid = {DE472FF0-B2A5-4085-B2FC-E5C15C2F106C}
	EndGlobalSection
EndGlobal
